
Microsoft Visual Studio Solution File, Format Version 12.00
# Visual Studio 14
VisualStudioVersion = 14.0.25420.1
MinimumVisualStudioVersion = 10.0.40219.1
Project("{2150E333-8FDC-42A3-9474-1A3956D46DE8}") = "Dynamic Forecasting R and PBI", "Dynamic Forecasting R and PBI", "{1AD89770-3328-4ADC-BA2E-12B04F627F3D}"
	ProjectSection(SolutionItems) = preProject
		Dynamic Forecasting R and PBI\DynamicForecastingwRPBI.zip = Dynamic Forecasting R and PBI\DynamicForecastingwRPBI.zip
	EndProjectSection
EndProject
Project("{2150E333-8FDC-42A3-9474-1A3956D46DE8}") = "HDInsight Provision Automation", "HDInsight Provision Automation", "{BD57D9F4-974A-49C2-99F7-FAE7AEA7A935}"
	ProjectSection(SolutionItems) = preProject
		HDInsight Provision Automation\CreateCluster-AzureAutomation.ps1 = HDInsight Provision Automation\CreateCluster-AzureAutomation.ps1
		HDInsight Provision Automation\CreateCluster.ps1 = HDInsight Provision Automation\CreateCluster.ps1
		HDInsight Provision Automation\DeleteCluster-AzureAutomation.ps1 = HDInsight Provision Automation\DeleteCluster-AzureAutomation.ps1
		HDInsight Provision Automation\DeleteCluster.ps1 = HDInsight Provision Automation\DeleteCluster.ps1
	EndProjectSection
EndProject
Project("{2150E333-8FDC-42A3-9474-1A3956D46DE8}") = "HDI Spark and ADF", "HDI Spark and ADF", "{DDE69C35-57EB-45DD-8BD2-70D4B3E8F03A}"
EndProject
Project("{2150E333-8FDC-42A3-9474-1A3956D46DE8}") = "Pyspark Scripts", "Pyspark Scripts", "{D324844E-900E-4F77-8D76-9CBED3856999}"
	ProjectSection(SolutionItems) = preProject
		HDI Spark and ADF\Pyspark Scripts\pysparkArgs.py = HDI Spark and ADF\Pyspark Scripts\pysparkArgs.py
		HDI Spark and ADF\Pyspark Scripts\pysparkSimple.py = HDI Spark and ADF\Pyspark Scripts\pysparkSimple.py
	EndProjectSection
EndProject
Project("{2150E333-8FDC-42A3-9474-1A3956D46DE8}") = "Data Factory Objects", "Data Factory Objects", "{7DCFA365-F359-4029-A410-F6ACE4FD4C0C}"
	ProjectSection(SolutionItems) = preProject
		HDI Spark and ADF\Data Factory Objects\ds_hvacsource.json = HDI Spark and ADF\Data Factory Objects\ds_hvacsource.json
		HDI Spark and ADF\Data Factory Objects\ds_sparkargsoutput.json = HDI Spark and ADF\Data Factory Objects\ds_sparkargsoutput.json
		HDI Spark and ADF\Data Factory Objects\ds_sparksimpleoutput.json = HDI Spark and ADF\Data Factory Objects\ds_sparksimpleoutput.json
		HDI Spark and ADF\Data Factory Objects\ls_azstore_storageaccount.json = HDI Spark and ADF\Data Factory Objects\ls_azstore_storageaccount.json
		HDI Spark and ADF\Data Factory Objects\ls_hdi_cluster.json = HDI Spark and ADF\Data Factory Objects\ls_hdi_cluster.json
		HDI Spark and ADF\Data Factory Objects\pipe_sparkargs.json = HDI Spark and ADF\Data Factory Objects\pipe_sparkargs.json
		HDI Spark and ADF\Data Factory Objects\pipe_sparksimple.json = HDI Spark and ADF\Data Factory Objects\pipe_sparksimple.json
	EndProjectSection
EndProject
Global
	GlobalSection(SolutionProperties) = preSolution
		HideSolutionNode = FALSE
	EndGlobalSection
	GlobalSection(NestedProjects) = preSolution
		{D324844E-900E-4F77-8D76-9CBED3856999} = {DDE69C35-57EB-45DD-8BD2-70D4B3E8F03A}
		{7DCFA365-F359-4029-A410-F6ACE4FD4C0C} = {DDE69C35-57EB-45DD-8BD2-70D4B3E8F03A}
	EndGlobalSection
EndGlobal
